
Microsoft Visual Studio Solution File, Format Version 12.00
# Visual Studio Version 16
VisualStudioVersion = 16.0.30804.86
MinimumVisualStudioVersion = 10.0.40219.1
Project("{9A19103F-16F7-4668-BE54-9A1E7A4F7556}") = "DreamInMars", "DreamInMars.csproj", "{A345AE73-09D0-4EA4-BBBC-6D15048AB0BE}"
EndProject
Global
	GlobalSection(SolutionConfigurationPlatforms) = preSolution
		Debug|Any CPU = Debug|Any CPU
		Release|Any CPU = Release|Any CPU
	EndGlobalSection
	GlobalSection(ProjectConfigurationPlatforms) = postSolution
		{A345AE73-09D0-4EA4-BBBC-6D15048AB0BE}.Debug|Any CPU.ActiveCfg = Debug|Any CPU
		{A345AE73-09D0-4EA4-BBBC-6D15048AB0BE}.Debug|Any CPU.Build.0 = Debug|Any CPU
		{A345AE73-09D0-4EA4-BBBC-6D15048AB0BE}.Release|Any CPU.ActiveCfg = Release|Any CPU
		{A345AE73-09D0-4EA4-BBBC-6D15048AB0BE}.Release|Any CPU.Build.0 = Release|Any CPU
	EndGlobalSection
	GlobalSection(SolutionProperties) = preSolution
		HideSolutionNode = FALSE
	EndGlobalSection
	GlobalSection(ExtensibilityGlobals) = postSolution
		SolutionGuid = {BB457661-DA5F-4A3B-A644-1E4EB54AD184}
	EndGlobalSection
EndGlobal
